
Microsoft Visual Studio Solution File, Format Version 12.00
# Visual Studio Version 17
VisualStudioVersion = 17.7.34202.233
MinimumVisualStudioVersion = 10.0.40219.1
Project("{FAE04EC0-301F-11D3-BF4B-00C04F79EFBC}") = "SaleKinowe", "SaleKinowe\SaleKinowe.csproj", "{00BC03A0-6AFC-4FF0-9A1F-08308FD97461}"
EndProject
Global
	GlobalSection(SolutionConfigurationPlatforms) = preSolution
		Debug|Any CPU = Debug|Any CPU
		Release|Any CPU = Release|Any CPU
	EndGlobalSection
	GlobalSection(ProjectConfigurationPlatforms) = postSolution
		{00BC03A0-6AFC-4FF0-9A1F-08308FD97461}.Debug|Any CPU.ActiveCfg = Debug|Any CPU
		{00BC03A0-6AFC-4FF0-9A1F-08308FD97461}.Debug|Any CPU.Build.0 = Debug|Any CPU
		{00BC03A0-6AFC-4FF0-9A1F-08308FD97461}.Release|Any CPU.ActiveCfg = Release|Any CPU
		{00BC03A0-6AFC-4FF0-9A1F-08308FD97461}.Release|Any CPU.Build.0 = Release|Any CPU
	EndGlobalSection
	GlobalSection(SolutionProperties) = preSolution
		HideSolutionNode = FALSE
	EndGlobalSection
	GlobalSection(ExtensibilityGlobals) = postSolution
		SolutionGuid = {3FD0CF78-893F-4D19-BC27-3A6FE36E3E18}
	EndGlobalSection
EndGlobal
